// !$*UTF8*$!
{
	archiveVersion = 1;
	classes = {
	};
	objectVersion = 50;
	objects = {

/* Begin PBXBuildFile section */
		A2DE798E26558CC5003AFF86 /* Question.swift in Sources */ = {isa = PBXBuildFile; fileRef = A2DE798D26558CC5003AFF86 /* Question.swift */; };
		BAD859802655819400B9FD2A /* AppDelegate.swift in Sources */ = {isa = PBXBuildFile; fileRef = BAD8597F2655819400B9FD2A /* AppDelegate.swift */; };
		BAD859822655819400B9FD2A /* SceneDelegate.swift in Sources */ = {isa = PBXBuildFile; fileRef = BAD859812655819400B9FD2A /* SceneDelegate.swift */; };
		BAD859872655819400B9FD2A /* Main.storyboard in Resources */ = {isa = PBXBuildFile; fileRef = BAD859852655819400B9FD2A /* Main.storyboard */; };
		BAD859892655819500B9FD2A /* Assets.xcassets in Resources */ = {isa = PBXBuildFile; fileRef = BAD859882655819500B9FD2A /* Assets.xcassets */; };
		BAD8598C2655819500B9FD2A /* LaunchScreen.storyboard in Resources */ = {isa = PBXBuildFile; fileRef = BAD8598A2655819500B9FD2A /* LaunchScreen.storyboard */; };
		BAD8599F2655822400B9FD2A /* viewControllerPlaceholder.swift in Sources */ = {isa = PBXBuildFile; fileRef = BAD8599E2655822400B9FD2A /* viewControllerPlaceholder.swift */; };
		BAD859A526558F2800B9FD2A /* QuestionController.swift in Sources */ = {isa = PBXBuildFile; fileRef = BAD859A426558F2800B9FD2A /* QuestionController.swift */; };
		BAD859A8265590AA00B9FD2A /* NetworkError.swift in Sources */ = {isa = PBXBuildFile; fileRef = BAD859A7265590AA00B9FD2A /* NetworkError.swift */; };
/* End PBXBuildFile section */

/* Begin PBXFileReference section */
		A2DE798D26558CC5003AFF86 /* Question.swift */ = {isa = PBXFileReference; lastKnownFileType = sourcecode.swift; path = Question.swift; sourceTree = "<group>"; };
		BAD8597C2655819400B9FD2A /* Trivia!.app */ = {isa = PBXFileReference; explicitFileType = wrapper.application; includeInIndex = 0; path = "Trivia!.app"; sourceTree = BUILT_PRODUCTS_DIR; };
		BAD8597F2655819400B9FD2A /* AppDelegate.swift */ = {isa = PBXFileReference; lastKnownFileType = sourcecode.swift; path = AppDelegate.swift; sourceTree = "<group>"; };
		BAD859812655819400B9FD2A /* SceneDelegate.swift */ = {isa = PBXFileReference; lastKnownFileType = sourcecode.swift; path = SceneDelegate.swift; sourceTree = "<group>"; };
		BAD859862655819400B9FD2A /* Base */ = {isa = PBXFileReference; lastKnownFileType = file.storyboard; name = Base; path = Base.lproj/Main.storyboard; sourceTree = "<group>"; };
		BAD859882655819500B9FD2A /* Assets.xcassets */ = {isa = PBXFileReference; lastKnownFileType = folder.assetcatalog; path = Assets.xcassets; sourceTree = "<group>"; };
		BAD8598B2655819500B9FD2A /* Base */ = {isa = PBXFileReference; lastKnownFileType = file.storyboard; name = Base; path = Base.lproj/LaunchScreen.storyboard; sourceTree = "<group>"; };
		BAD8598D2655819500B9FD2A /* Info.plist */ = {isa = PBXFileReference; lastKnownFileType = text.plist.xml; path = Info.plist; sourceTree = "<group>"; };
		BAD8599E2655822400B9FD2A /* viewControllerPlaceholder.swift */ = {isa = PBXFileReference; lastKnownFileType = sourcecode.swift; path = viewControllerPlaceholder.swift; sourceTree = "<group>"; };
		BAD859A426558F2800B9FD2A /* QuestionController.swift */ = {isa = PBXFileReference; lastKnownFileType = sourcecode.swift; path = QuestionController.swift; sourceTree = "<group>"; };
		BAD859A7265590AA00B9FD2A /* NetworkError.swift */ = {isa = PBXFileReference; lastKnownFileType = sourcecode.swift; path = NetworkError.swift; sourceTree = "<group>"; };
/* End PBXFileReference section */

/* Begin PBXFrameworksBuildPhase section */
		BAD859792655819400B9FD2A /* Frameworks */ = {
			isa = PBXFrameworksBuildPhase;
			buildActionMask = 2147483647;
			files = (
			);
			runOnlyForDeploymentPostprocessing = 0;
		};
/* End PBXFrameworksBuildPhase section */

/* Begin PBXGroup section */
		BAD859732655819400B9FD2A = {
			isa = PBXGroup;
			children = (
				BAD8597E2655819400B9FD2A /* Trivia! */,
				BAD8597D2655819400B9FD2A /* Products */,
			);
			sourceTree = "<group>";
		};
		BAD8597D2655819400B9FD2A /* Products */ = {
			isa = PBXGroup;
			children = (
				BAD8597C2655819400B9FD2A /* Trivia!.app */,
			);
			name = Products;
			sourceTree = "<group>";
		};
		BAD8597E2655819400B9FD2A /* Trivia! */ = {
			isa = PBXGroup;
			children = (
				BAD859A62655908F00B9FD2A /* NetworkError */,
				BAD85996265581B600B9FD2A /* Models */,
				BAD85995265581B000B9FD2A /* Views */,
				BAD85994265581A700B9FD2A /* Controllers */,
				BAD859932655819E00B9FD2A /* Resources */,
			);
			path = "Trivia!";
			sourceTree = "<group>";
		};
		BAD859932655819E00B9FD2A /* Resources */ = {
			isa = PBXGroup;
			children = (
				BAD8597F2655819400B9FD2A /* AppDelegate.swift */,
				BAD859812655819400B9FD2A /* SceneDelegate.swift */,
				BAD859882655819500B9FD2A /* Assets.xcassets */,
				BAD8598D2655819500B9FD2A /* Info.plist */,
			);
			path = Resources;
			sourceTree = "<group>";
		};
		BAD85994265581A700B9FD2A /* Controllers */ = {
			isa = PBXGroup;
			children = (
				BAD85999265581DF00B9FD2A /* ModelControllers */,
				BAD85998265581D800B9FD2A /* ViewContollers */,
			);
			path = Controllers;
			sourceTree = "<group>";
		};
		BAD85995265581B000B9FD2A /* Views */ = {
			isa = PBXGroup;
			children = (
				BAD85997265581BE00B9FD2A /* Storyboards */,
			);
			path = Views;
			sourceTree = "<group>";
		};
		BAD85996265581B600B9FD2A /* Models */ = {
			isa = PBXGroup;
			children = (
				A2DE798D26558CC5003AFF86 /* Question.swift */,
			);
			path = Models;
			sourceTree = "<group>";
		};
		BAD85997265581BE00B9FD2A /* Storyboards */ = {
			isa = PBXGroup;
			children = (
				BAD859852655819400B9FD2A /* Main.storyboard */,
				BAD8598A2655819500B9FD2A /* LaunchScreen.storyboard */,
			);
			path = Storyboards;
			sourceTree = "<group>";
		};
		BAD85998265581D800B9FD2A /* ViewContollers */ = {
			isa = PBXGroup;
			children = (
				BAD8599E2655822400B9FD2A /* viewControllerPlaceholder.swift */,
			);
			path = ViewContollers;
			sourceTree = "<group>";
		};
		BAD85999265581DF00B9FD2A /* ModelControllers */ = {
			isa = PBXGroup;
			children = (
				BAD859A426558F2800B9FD2A /* QuestionController.swift */,
			);
			path = ModelControllers;
			sourceTree = "<group>";
		};
		BAD859A62655908F00B9FD2A /* NetworkError */ = {
			isa = PBXGroup;
			children = (
				BAD859A7265590AA00B9FD2A /* NetworkError.swift */,
			);
			path = NetworkError;
			sourceTree = "<group>";
		};
/* End PBXGroup section */

/* Begin PBXNativeTarget section */
		BAD8597B2655819400B9FD2A /* Trivia! */ = {
			isa = PBXNativeTarget;
			buildConfigurationList = BAD859902655819500B9FD2A /* Build configuration list for PBXNativeTarget "Trivia!" */;
			buildPhases = (
				BAD859782655819400B9FD2A /* Sources */,
				BAD859792655819400B9FD2A /* Frameworks */,
				BAD8597A2655819400B9FD2A /* Resources */,
			);
			buildRules = (
			);
			dependencies = (
			);
			name = "Trivia!";
			productName = "Trivia!";
			productReference = BAD8597C2655819400B9FD2A /* Trivia!.app */;
			productType = "com.apple.product-type.application";
		};
/* End PBXNativeTarget section */

/* Begin PBXProject section */
		BAD859742655819400B9FD2A /* Project object */ = {
			isa = PBXProject;
			attributes = {
				LastSwiftUpdateCheck = 1250;
				LastUpgradeCheck = 1250;
				TargetAttributes = {
					BAD8597B2655819400B9FD2A = {
						CreatedOnToolsVersion = 12.5;
					};
				};
			};
			buildConfigurationList = BAD859772655819400B9FD2A /* Build configuration list for PBXProject "Trivia!" */;
			compatibilityVersion = "Xcode 9.3";
			developmentRegion = en;
			hasScannedForEncodings = 0;
			knownRegions = (
				en,
				Base,
			);
			mainGroup = BAD859732655819400B9FD2A;
			productRefGroup = BAD8597D2655819400B9FD2A /* Products */;
			projectDirPath = "";
			projectRoot = "";
			targets = (
				BAD8597B2655819400B9FD2A /* Trivia! */,
			);
		};
/* End PBXProject section */

/* Begin PBXResourcesBuildPhase section */
		BAD8597A2655819400B9FD2A /* Resources */ = {
			isa = PBXResourcesBuildPhase;
			buildActionMask = 2147483647;
			files = (
				BAD8598C2655819500B9FD2A /* LaunchScreen.storyboard in Resources */,
				BAD859892655819500B9FD2A /* Assets.xcassets in Resources */,
				BAD859872655819400B9FD2A /* Main.storyboard in Resources */,
			);
			runOnlyForDeploymentPostprocessing = 0;
		};
/* End PBXResourcesBuildPhase section */

/* Begin PBXSourcesBuildPhase section */
		BAD859782655819400B9FD2A /* Sources */ = {
			isa = PBXSourcesBuildPhase;
			buildActionMask = 2147483647;
			files = (
				A2DE798E26558CC5003AFF86 /* Question.swift in Sources */,
				BAD859A526558F2800B9FD2A /* QuestionController.swift in Sources */,
				BAD8599F2655822400B9FD2A /* viewControllerPlaceholder.swift in Sources */,
				BAD859A8265590AA00B9FD2A /* NetworkError.swift in Sources */,
				BAD859802655819400B9FD2A /* AppDelegate.swift in Sources */,
				BAD859822655819400B9FD2A /* SceneDelegate.swift in Sources */,
			);
			runOnlyForDeploymentPostprocessing = 0;
		};
/* End PBXSourcesBuildPhase section */

/* Begin PBXVariantGroup section */
		BAD859852655819400B9FD2A /* Main.storyboard */ = {
			isa = PBXVariantGroup;
			children = (
				BAD859862655819400B9FD2A /* Base */,
			);
			name = Main.storyboard;
			sourceTree = "<group>";
		};
		BAD8598A2655819500B9FD2A /* LaunchScreen.storyboard */ = {
			isa = PBXVariantGroup;
			children = (
				BAD8598B2655819500B9FD2A /* Base */,
			);
			name = LaunchScreen.storyboard;
			sourceTree = "<group>";
		};
/* End PBXVariantGroup section */

/* Begin XCBuildConfiguration section */
		BAD8598E2655819500B9FD2A /* Debug */ = {
			isa = XCBuildConfiguration;
			buildSettings = {
				ALWAYS_SEARCH_USER_PATHS = NO;
				CLANG_ANALYZER_NONNULL = YES;
				CLANG_ANALYZER_NUMBER_OBJECT_CONVERSION = YES_AGGRESSIVE;
				CLANG_CXX_LANGUAGE_STANDARD = "gnu++14";
				CLANG_CXX_LIBRARY = "libc++";
				CLANG_ENABLE_MODULES = YES;
				CLANG_ENABLE_OBJC_ARC = YES;
				CLANG_ENABLE_OBJC_WEAK = YES;
				CLANG_WARN_BLOCK_CAPTURE_AUTORELEASING = YES;
				CLANG_WARN_BOOL_CONVERSION = YES;
				CLANG_WARN_COMMA = YES;
				CLANG_WARN_CONSTANT_CONVERSION = YES;
				CLANG_WARN_DEPRECATED_OBJC_IMPLEMENTATIONS = YES;
				CLANG_WARN_DIRECT_OBJC_ISA_USAGE = YES_ERROR;
				CLANG_WARN_DOCUMENTATION_COMMENTS = YES;
				CLANG_WARN_EMPTY_BODY = YES;
				CLANG_WARN_ENUM_CONVERSION = YES;
				CLANG_WARN_INFINITE_RECURSION = YES;
				CLANG_WARN_INT_CONVERSION = YES;
				CLANG_WARN_NON_LITERAL_NULL_CONVERSION = YES;
				CLANG_WARN_OBJC_IMPLICIT_RETAIN_SELF = YES;
				CLANG_WARN_OBJC_LITERAL_CONVERSION = YES;
				CLANG_WARN_OBJC_ROOT_CLASS = YES_ERROR;
				CLANG_WARN_QUOTED_INCLUDE_IN_FRAMEWORK_HEADER = YES;
				CLANG_WARN_RANGE_LOOP_ANALYSIS = YES;
				CLANG_WARN_STRICT_PROTOTYPES = YES;
				CLANG_WARN_SUSPICIOUS_MOVE = YES;
				CLANG_WARN_UNGUARDED_AVAILABILITY = YES_AGGRESSIVE;
				CLANG_WARN_UNREACHABLE_CODE = YES;
				CLANG_WARN__DUPLICATE_METHOD_MATCH = YES;
				COPY_PHASE_STRIP = NO;
				DEBUG_INFORMATION_FORMAT = dwarf;
				ENABLE_STRICT_OBJC_MSGSEND = YES;
				ENABLE_TESTABILITY = YES;
				GCC_C_LANGUAGE_STANDARD = gnu11;
				GCC_DYNAMIC_NO_PIC = NO;
				GCC_NO_COMMON_BLOCKS = YES;
				GCC_OPTIMIZATION_LEVEL = 0;
				GCC_PREPROCESSOR_DEFINITIONS = (
					"DEBUG=1",
					"$(inherited)",
				);
				GCC_WARN_64_TO_32_BIT_CONVERSION = YES;
				GCC_WARN_ABOUT_RETURN_TYPE = YES_ERROR;
				GCC_WARN_UNDECLARED_SELECTOR = YES;
				GCC_WARN_UNINITIALIZED_AUTOS = YES_AGGRESSIVE;
				GCC_WARN_UNUSED_FUNCTION = YES;
				GCC_WARN_UNUSED_VARIABLE = YES;
				IPHONEOS_DEPLOYMENT_TARGET = 14.4;
				MTL_ENABLE_DEBUG_INFO = INCLUDE_SOURCE;
				MTL_FAST_MATH = YES;
				ONLY_ACTIVE_ARCH = YES;
				SDKROOT = iphoneos;
				SWIFT_ACTIVE_COMPILATION_CONDITIONS = DEBUG;
				SWIFT_OPTIMIZATION_LEVEL = "-Onone";
			};
			name = Debug;
		};
		BAD8598F2655819500B9FD2A /* Release */ = {
			isa = XCBuildConfiguration;
			buildSettings = {
				ALWAYS_SEARCH_USER_PATHS = NO;
				CLANG_ANALYZER_NONNULL = YES;
				CLANG_ANALYZER_NUMBER_OBJECT_CONVERSION = YES_AGGRESSIVE;
				CLANG_CXX_LANGUAGE_STANDARD = "gnu++14";
				CLANG_CXX_LIBRARY = "libc++";
				CLANG_ENABLE_MODULES = YES;
				CLANG_ENABLE_OBJC_ARC = YES;
				CLANG_ENABLE_OBJC_WEAK = YES;
				CLANG_WARN_BLOCK_CAPTURE_AUTORELEASING = YES;
				CLANG_WARN_BOOL_CONVERSION = YES;
				CLANG_WARN_COMMA = YES;
				CLANG_WARN_CONSTANT_CONVERSION = YES;
				CLANG_WARN_DEPRECATED_OBJC_IMPLEMENTATIONS = YES;
				CLANG_WARN_DIRECT_OBJC_ISA_USAGE = YES_ERROR;
				CLANG_WARN_DOCUMENTATION_COMMENTS = YES;
				CLANG_WARN_EMPTY_BODY = YES;
				CLANG_WARN_ENUM_CONVERSION = YES;
				CLANG_WARN_INFINITE_RECURSION = YES;
				CLANG_WARN_INT_CONVERSION = YES;
				CLANG_WARN_NON_LITERAL_NULL_CONVERSION = YES;
				CLANG_WARN_OBJC_IMPLICIT_RETAIN_SELF = YES;
				CLANG_WARN_OBJC_LITERAL_CONVERSION = YES;
				CLANG_WARN_OBJC_ROOT_CLASS = YES_ERROR;
				CLANG_WARN_QUOTED_INCLUDE_IN_FRAMEWORK_HEADER = YES;
				CLANG_WARN_RANGE_LOOP_ANALYSIS = YES;
				CLANG_WARN_STRICT_PROTOTYPES = YES;
				CLANG_WARN_SUSPICIOUS_MOVE = YES;
				CLANG_WARN_UNGUARDED_AVAILABILITY = YES_AGGRESSIVE;
				CLANG_WARN_UNREACHABLE_CODE = YES;
				CLANG_WARN__DUPLICATE_METHOD_MATCH = YES;
				COPY_PHASE_STRIP = NO;
				DEBUG_INFORMATION_FORMAT = "dwarf-with-dsym";
				ENABLE_NS_ASSERTIONS = NO;
				ENABLE_STRICT_OBJC_MSGSEND = YES;
				GCC_C_LANGUAGE_STANDARD = gnu11;
				GCC_NO_COMMON_BLOCKS = YES;
				GCC_WARN_64_TO_32_BIT_CONVERSION = YES;
				GCC_WARN_ABOUT_RETURN_TYPE = YES_ERROR;
				GCC_WARN_UNDECLARED_SELECTOR = YES;
				GCC_WARN_UNINITIALIZED_AUTOS = YES_AGGRESSIVE;
				GCC_WARN_UNUSED_FUNCTION = YES;
				GCC_WARN_UNUSED_VARIABLE = YES;
				IPHONEOS_DEPLOYMENT_TARGET = 14.4;
				MTL_ENABLE_DEBUG_INFO = NO;
				MTL_FAST_MATH = YES;
				SDKROOT = iphoneos;
				SWIFT_COMPILATION_MODE = wholemodule;
				SWIFT_OPTIMIZATION_LEVEL = "-O";
				VALIDATE_PRODUCT = YES;
			};
			name = Release;
		};
		BAD859912655819500B9FD2A /* Debug */ = {
			isa = XCBuildConfiguration;
			buildSettings = {
				ASSETCATALOG_COMPILER_APPICON_NAME = AppIcon;
				ASSETCATALOG_COMPILER_GLOBAL_ACCENT_COLOR_NAME = AccentColor;
				CODE_SIGN_STYLE = Automatic;
				DEVELOPMENT_TEAM = SKH288K4XU;
				INFOPLIST_FILE = "Trivia!/Resources/Info.plist";
				LD_RUNPATH_SEARCH_PATHS = (
					"$(inherited)",
					"@executable_path/Frameworks",
				);
				PRODUCT_BUNDLE_IDENTIFIER = "DanielDickey.Trivia-";
				PRODUCT_NAME = "$(TARGET_NAME)";
				SWIFT_VERSION = 5.0;
				TARGETED_DEVICE_FAMILY = "1,2";
			};
			name = Debug;
		};
		BAD859922655819500B9FD2A /* Release */ = {
			isa = XCBuildConfiguration;
			buildSettings = {
				ASSETCATALOG_COMPILER_APPICON_NAME = AppIcon;
				ASSETCATALOG_COMPILER_GLOBAL_ACCENT_COLOR_NAME = AccentColor;
				CODE_SIGN_STYLE = Automatic;
				DEVELOPMENT_TEAM = SKH288K4XU;
				INFOPLIST_FILE = "Trivia!/Resources/Info.plist";
				LD_RUNPATH_SEARCH_PATHS = (
					"$(inherited)",
					"@executable_path/Frameworks",
				);
				PRODUCT_BUNDLE_IDENTIFIER = "DanielDickey.Trivia-";
				PRODUCT_NAME = "$(TARGET_NAME)";
				SWIFT_VERSION = 5.0;
				TARGETED_DEVICE_FAMILY = "1,2";
			};
			name = Release;
		};
/* End XCBuildConfiguration section */

/* Begin XCConfigurationList section */
		BAD859772655819400B9FD2A /* Build configuration list for PBXProject "Trivia!" */ = {
			isa = XCConfigurationList;
			buildConfigurations = (
				BAD8598E2655819500B9FD2A /* Debug */,
				BAD8598F2655819500B9FD2A /* Release */,
			);
			defaultConfigurationIsVisible = 0;
			defaultConfigurationName = Release;
		};
		BAD859902655819500B9FD2A /* Build configuration list for PBXNativeTarget "Trivia!" */ = {
			isa = XCConfigurationList;
			buildConfigurations = (
				BAD859912655819500B9FD2A /* Debug */,
				BAD859922655819500B9FD2A /* Release */,
			);
			defaultConfigurationIsVisible = 0;
			defaultConfigurationName = Release;
		};
/* End XCConfigurationList section */
	};
	rootObject = BAD859742655819400B9FD2A /* Project object */;
}
